// !$*UTF8*$!
{
	archiveVersion = 1;
	classes = {
	};
	objectVersion = 48;
	objects = {

/* Begin PBXBuildFile section */
		65B49BCA1F8048A60013DAD6 /* AppDelegate.swift in Sources */ = {isa = PBXBuildFile; fileRef = 65B49BC91F8048A60013DAD6 /* AppDelegate.swift */; };
		65B49BCC1F8048A60013DAD6 /* ViewController.swift in Sources */ = {isa = PBXBuildFile; fileRef = 65B49BCB1F8048A60013DAD6 /* ViewController.swift */; };
		65B49BCF1F8048A60013DAD6 /* Main.storyboard in Resources */ = {isa = PBXBuildFile; fileRef = 65B49BCD1F8048A60013DAD6 /* Main.storyboard */; };
		65B49BD11F8048A60013DAD6 /* Assets.xcassets in Resources */ = {isa = PBXBuildFile; fileRef = 65B49BD01F8048A60013DAD6 /* Assets.xcassets */; };
		65B49BD41F8048A60013DAD6 /* LaunchScreen.storyboard in Resources */ = {isa = PBXBuildFile; fileRef = 65B49BD21F8048A60013DAD6 /* LaunchScreen.storyboard */; };
/* End PBXBuildFile section */

/* Begin PBXFileReference section */
		65B49BC61F8048A60013DAD6 /* Open_Source_Practice.app */ = {isa = PBXFileReference; explicitFileType = wrapper.application; includeInIndex = 0; path = Open_Source_Practice.app; sourceTree = BUILT_PRODUCTS_DIR; };
		65B49BC91F8048A60013DAD6 /* AppDelegate.swift */ = {isa = PBXFileReference; lastKnownFileType = sourcecode.swift; path = AppDelegate.swift; sourceTree = "<group>"; };
		65B49BCB1F8048A60013DAD6 /* ViewController.swift */ = {isa = PBXFileReference; lastKnownFileType = sourcecode.swift; path = ViewController.swift; sourceTree = "<group>"; };
		65B49BCE1F8048A60013DAD6 /* Base */ = {isa = PBXFileReference; lastKnownFileType = file.storyboard; name = Base; path = Base.lproj/Main.storyboard; sourceTree = "<group>"; };
		65B49BD01F8048A60013DAD6 /* Assets.xcassets */ = {isa = PBXFileReference; lastKnownFileType = folder.assetcatalog; path = Assets.xcassets; sourceTree = "<group>"; };
		65B49BD31F8048A60013DAD6 /* Base */ = {isa = PBXFileReference; lastKnownFileType = file.storyboard; name = Base; path = Base.lproj/LaunchScreen.storyboard; sourceTree = "<group>"; };
		65B49BD51F8048A60013DAD6 /* Info.plist */ = {isa = PBXFileReference; lastKnownFileType = text.plist.xml; path = Info.plist; sourceTree = "<group>"; };
/* End PBXFileReference section */

/* Begin PBXFrameworksBuildPhase section */
		65B49BC31F8048A60013DAD6 /* Frameworks */ = {
			isa = PBXFrameworksBuildPhase;
			buildActionMask = 2147483647;
			files = (
			);
			runOnlyForDeploymentPostprocessing = 0;
		};
/* End PBXFrameworksBuildPhase section */

/* Begin PBXGroup section */
		65B49BBD1F8048A60013DAD6 = {
			isa = PBXGroup;
			children = (
				65B49BC81F8048A60013DAD6 /* Open_Source_Practice */,
				65B49BC71F8048A60013DAD6 /* Products */,
			);
			sourceTree = "<group>";
		};
		65B49BC71F8048A60013DAD6 /* Products */ = {
			isa = PBXGroup;
			children = (
				65B49BC61F8048A60013DAD6 /* Open_Source_Practice.app */,
			);
			name = Products;
			sourceTree = "<group>";
		};
		65B49BC81F8048A60013DAD6 /* Open_Source_Practice */ = {
			isa = PBXGroup;
			children = (
				65B49BC91F8048A60013DAD6 /* AppDelegate.swift */,
				65B49BCB1F8048A60013DAD6 /* ViewController.swift */,
				65B49BCD1F8048A60013DAD6 /* Main.storyboard */,
				65B49BD01F8048A60013DAD6 /* Assets.xcassets */,
				65B49BD21F8048A60013DAD6 /* LaunchScreen.storyboard */,
				65B49BD51F8048A60013DAD6 /* Info.plist */,
			);
			path = Open_Source_Practice;
			sourceTree = "<group>";
		};
/* End PBXGroup section */

/* Begin PBXNativeTarget section */
		65B49BC51F8048A60013DAD6 /* Open_Source_Practice */ = {
			isa = PBXNativeTarget;
			buildConfigurationList = 65B49BD81F8048A60013DAD6 /* Build configuration list for PBXNativeTarget "Open_Source_Practice" */;
			buildPhases = (
				65B49BC21F8048A60013DAD6 /* Sources */,
				65B49BC31F8048A60013DAD6 /* Frameworks */,
				65B49BC41F8048A60013DAD6 /* Resources */,
			);
			buildRules = (
			);
			dependencies = (
			);
			name = Open_Source_Practice;
			productName = Open_Source_Practice;
			productReference = 65B49BC61F8048A60013DAD6 /* Open_Source_Practice.app */;
			productType = "com.apple.product-type.application";
		};
/* End PBXNativeTarget section */

/* Begin PBXProject section */
		65B49BBE1F8048A60013DAD6 /* Project object */ = {
			isa = PBXProject;
			attributes = {
				LastSwiftUpdateCheck = 0900;
				LastUpgradeCheck = 0900;
				ORGANIZATIONNAME = com.example;
				TargetAttributes = {
					65B49BC51F8048A60013DAD6 = {
						CreatedOnToolsVersion = 9.0;
						ProvisioningStyle = Automatic;
					};
				};
			};
			buildConfigurationList = 65B49BC11F8048A60013DAD6 /* Build configuration list for PBXProject "Open_Source_Practice" */;
			compatibilityVersion = "Xcode 8.0";
			developmentRegion = en;
			hasScannedForEncodings = 0;
			knownRegions = (
				en,
				Base,
			);
			mainGroup = 65B49BBD1F8048A60013DAD6;
			productRefGroup = 65B49BC71F8048A60013DAD6 /* Products */;
			projectDirPath = "";
			projectRoot = "";
			targets = (
				65B49BC51F8048A60013DAD6 /* Open_Source_Practice */,
			);
		};
/* End PBXProject section */

/* Begin PBXResourcesBuildPhase section */
		65B49BC41F8048A60013DAD6 /* Resources */ = {
			isa = PBXResourcesBuildPhase;
			buildActionMask = 2147483647;
			files = (
				65B49BD41F8048A60013DAD6 /* LaunchScreen.storyboard in Resources */,
				65B49BD11F8048A60013DAD6 /* Assets.xcassets in Resources */,
				65B49BCF1F8048A60013DAD6 /* Main.storyboard in Resources */,
			);
			runOnlyForDeploymentPostprocessing = 0;
		};
/* End PBXResourcesBuildPhase section */

/* Begin PBXSourcesBuildPhase section */
		65B49BC21F8048A60013DAD6 /* Sources */ = {
			isa = PBXSourcesBuildPhase;
			buildActionMask = 2147483647;
			files = (
				65B49BCC1F8048A60013DAD6 /* ViewController.swift in Sources */,
				65B49BCA1F8048A60013DAD6 /* AppDelegate.swift in Sources */,
			);
			runOnlyForDeploymentPostprocessing = 0;
		};
/* End PBXSourcesBuildPhase section */

/* Begin PBXVariantGroup section */
		65B49BCD1F8048A60013DAD6 /* Main.storyboard */ = {
			isa = PBXVariantGroup;
			children = (
				65B49BCE1F8048A60013DAD6 /* Base */,
			);
			name = Main.storyboard;
			sourceTree = "<group>";
		};
		65B49BD21F8048A60013DAD6 /* LaunchScreen.storyboard */ = {
			isa = PBXVariantGroup;
			children = (
				65B49BD31F8048A60013DAD6 /* Base */,
			);
			name = LaunchScreen.storyboard;
			sourceTree = "<group>";
		};
/* End PBXVariantGroup section */

/* Begin XCBuildConfiguration section */
		65B49BD61F8048A60013DAD6 /* Debug */ = {
			isa = XCBuildConfiguration;
			buildSettings = {
				ALWAYS_SEARCH_USER_PATHS = NO;
				CLANG_ANALYZER_NONNULL = YES;
				CLANG_ANALYZER_NUMBER_OBJECT_CONVERSION = YES_AGGRESSIVE;
				CLANG_CXX_LANGUAGE_STANDARD = "gnu++14";
				CLANG_CXX_LIBRARY = "libc++";
				CLANG_ENABLE_MODULES = YES;
				CLANG_ENABLE_OBJC_ARC = YES;
				CLANG_WARN_BLOCK_CAPTURE_AUTORELEASING = YES;
				CLANG_WARN_BOOL_CONVERSION = YES;
				CLANG_WARN_COMMA = YES;
				CLANG_WARN_CONSTANT_CONVERSION = YES;
				CLANG_WARN_DIRECT_OBJC_ISA_USAGE = YES_ERROR;
				CLANG_WARN_DOCUMENTATION_COMMENTS = YES;
				CLANG_WARN_EMPTY_BODY = YES;
				CLANG_WARN_ENUM_CONVERSION = YES;
				CLANG_WARN_INFINITE_RECURSION = YES;
				CLANG_WARN_INT_CONVERSION = YES;
				CLANG_WARN_NON_LITERAL_NULL_CONVERSION = YES;
				CLANG_WARN_OBJC_LITERAL_CONVERSION = YES;
				CLANG_WARN_OBJC_ROOT_CLASS = YES_ERROR;
				CLANG_WARN_RANGE_LOOP_ANALYSIS = YES;
				CLANG_WARN_STRICT_PROTOTYPES = YES;
				CLANG_WARN_SUSPICIOUS_MOVE = YES;
				CLANG_WARN_UNGUARDED_AVAILABILITY = YES_AGGRESSIVE;
				CLANG_WARN_UNREACHABLE_CODE = YES;
				CLANG_WARN__DUPLICATE_METHOD_MATCH = YES;
				CODE_SIGN_IDENTITY = "iPhone Developer";
				COPY_PHASE_STRIP = NO;
				DEBUG_INFORMATION_FORMAT = dwarf;
				ENABLE_STRICT_OBJC_MSGSEND = YES;
				ENABLE_TESTABILITY = YES;
				GCC_C_LANGUAGE_STANDARD = gnu11;
				GCC_DYNAMIC_NO_PIC = NO;
				GCC_NO_COMMON_BLOCKS = YES;
				GCC_OPTIMIZATION_LEVEL = 0;
				GCC_PREPROCESSOR_DEFINITIONS = (
					"DEBUG=1",
					"$(inherited)",
				);
				GCC_WARN_64_TO_32_BIT_CONVERSION = YES;
				GCC_WARN_ABOUT_RETURN_TYPE = YES_ERROR;
				GCC_WARN_UNDECLARED_SELECTOR = YES;
				GCC_WARN_UNINITIALIZED_AUTOS = YES_AGGRESSIVE;
				GCC_WARN_UNUSED_FUNCTION = YES;
				GCC_WARN_UNUSED_VARIABLE = YES;
				IPHONEOS_DEPLOYMENT_TARGET = 11.0;
				MTL_ENABLE_DEBUG_INFO = YES;
				ONLY_ACTIVE_ARCH = YES;
				SDKROOT = iphoneos;
				SWIFT_ACTIVE_COMPILATION_CONDITIONS = DEBUG;
				SWIFT_OPTIMIZATION_LEVEL = "-Onone";
			};
			name = Debug;
		};
		65B49BD71F8048A60013DAD6 /* Release */ = {
			isa = XCBuildConfiguration;
			buildSettings = {
				ALWAYS_SEARCH_USER_PATHS = NO;
				CLANG_ANALYZER_NONNULL = YES;
				CLANG_ANALYZER_NUMBER_OBJECT_CONVERSION = YES_AGGRESSIVE;
				CLANG_CXX_LANGUAGE_STANDARD = "gnu++14";
				CLANG_CXX_LIBRARY = "libc++";
				CLANG_ENABLE_MODULES = YES;
				CLANG_ENABLE_OBJC_ARC = YES;
				CLANG_WARN_BLOCK_CAPTURE_AUTORELEASING = YES;
				CLANG_WARN_BOOL_CONVERSION = YES;
				CLANG_WARN_COMMA = YES;
				CLANG_WARN_CONSTANT_CONVERSION = YES;
				CLANG_WARN_DIRECT_OBJC_ISA_USAGE = YES_ERROR;
				CLANG_WARN_DOCUMENTATION_COMMENTS = YES;
				CLANG_WARN_EMPTY_BODY = YES;
				CLANG_WARN_ENUM_CONVERSION = YES;
				CLANG_WARN_INFINITE_RECURSION = YES;
				CLANG_WARN_INT_CONVERSION = YES;
				CLANG_WARN_NON_LITERAL_NULL_CONVERSION = YES;
				CLANG_WARN_OBJC_LITERAL_CONVERSION = YES;
				CLANG_WARN_OBJC_ROOT_CLASS = YES_ERROR;
				CLANG_WARN_RANGE_LOOP_ANALYSIS = YES;
				CLANG_WARN_STRICT_PROTOTYPES = YES;
				CLANG_WARN_SUSPICIOUS_MOVE = YES;
				CLANG_WARN_UNGUARDED_AVAILABILITY = YES_AGGRESSIVE;
				CLANG_WARN_UNREACHABLE_CODE = YES;
				CLANG_WARN__DUPLICATE_METHOD_MATCH = YES;
				CODE_SIGN_IDENTITY = "iPhone Developer";
				COPY_PHASE_STRIP = NO;
				DEBUG_INFORMATION_FORMAT = "dwarf-with-dsym";
				ENABLE_NS_ASSERTIONS = NO;
				ENABLE_STRICT_OBJC_MSGSEND = YES;
				GCC_C_LANGUAGE_STANDARD = gnu11;
				GCC_NO_COMMON_BLOCKS = YES;
				GCC_WARN_64_TO_32_BIT_CONVERSION = YES;
				GCC_WARN_ABOUT_RETURN_TYPE = YES_ERROR;
				GCC_WARN_UNDECLARED_SELECTOR = YES;
				GCC_WARN_UNINITIALIZED_AUTOS = YES_AGGRESSIVE;
				GCC_WARN_UNUSED_FUNCTION = YES;
				GCC_WARN_UNUSED_VARIABLE = YES;
				IPHONEOS_DEPLOYMENT_TARGET = 11.0;
				MTL_ENABLE_DEBUG_INFO = NO;
				SDKROOT = iphoneos;
				SWIFT_OPTIMIZATION_LEVEL = "-Owholemodule";
				VALIDATE_PRODUCT = YES;
			};
			name = Release;
		};
		65B49BD91F8048A60013DAD6 /* Debug */ = {
			isa = XCBuildConfiguration;
			buildSettings = {
				ASSETCATALOG_COMPILER_APPICON_NAME = AppIcon;
				CODE_SIGN_STYLE = Automatic;
				DEVELOPMENT_TEAM = WC2JB3CT65;
				INFOPLIST_FILE = Open_Source_Practice/Info.plist;
				LD_RUNPATH_SEARCH_PATHS = "$(inherited) @executable_path/Frameworks";
				PRODUCT_BUNDLE_IDENTIFIER = "com.example.Open-Source-Practice";
				PRODUCT_NAME = "$(TARGET_NAME)";
				SWIFT_VERSION = 4.0;
				TARGETED_DEVICE_FAMILY = "1,2";
			};
			name = Debug;
		};
		65B49BDA1F8048A60013DAD6 /* Release */ = {
			isa = XCBuildConfiguration;
			buildSettings = {
				ASSETCATALOG_COMPILER_APPICON_NAME = AppIcon;
				CODE_SIGN_STYLE = Automatic;
				DEVELOPMENT_TEAM = WC2JB3CT65;
				INFOPLIST_FILE = Open_Source_Practice/Info.plist;
				LD_RUNPATH_SEARCH_PATHS = "$(inherited) @executable_path/Frameworks";
				PRODUCT_BUNDLE_IDENTIFIER = "com.example.Open-Source-Practice";
				PRODUCT_NAME = "$(TARGET_NAME)";
				SWIFT_VERSION = 4.0;
				TARGETED_DEVICE_FAMILY = "1,2";
			};
			name = Release;
		};
/* End XCBuildConfiguration section */

/* Begin XCConfigurationList section */
		65B49BC11F8048A60013DAD6 /* Build configuration list for PBXProject "Open_Source_Practice" */ = {
			isa = XCConfigurationList;
			buildConfigurations = (
				65B49BD61F8048A60013DAD6 /* Debug */,
				65B49BD71F8048A60013DAD6 /* Release */,
			);
			defaultConfigurationIsVisible = 0;
			defaultConfigurationName = Release;
		};
		65B49BD81F8048A60013DAD6 /* Build configuration list for PBXNativeTarget "Open_Source_Practice" */ = {
			isa = XCConfigurationList;
			buildConfigurations = (
				65B49BD91F8048A60013DAD6 /* Debug */,
				65B49BDA1F8048A60013DAD6 /* Release */,
			);
			defaultConfigurationIsVisible = 0;
			defaultConfigurationName = Release;
		};
/* End XCConfigurationList section */
	};
	rootObject = 65B49BBE1F8048A60013DAD6 /* Project object */;
}
